
Microsoft Visual Studio Solution File, Format Version 12.00
# Visual Studio Version 17
VisualStudioVersion = 17.2.32516.85
MinimumVisualStudioVersion = 10.0.40219.1
Project("{FAE04EC0-301F-11D3-BF4B-00C04F79EFBC}") = "Covid19Dashboard", "src\Covid19Dashboard\Covid19Dashboard.csproj", "{54455B69-4CB0-4BC4-A9D6-CAF7E3E5E753}"
EndProject
Project("{9A19103F-16F7-4668-BE54-9A1E7A4F7556}") = "Covid19Dashboard.Core", "src\Covid19Dashboard.Core\Covid19Dashboard.Core.csproj", "{7BCD6122-5D69-4FFC-84DF-168DDD694D9A}"
EndProject
Project("{FAE04EC0-301F-11D3-BF4B-00C04F79EFBC}") = "Covid19Dashboard.Tests", "src\Covid19Dashboard.Tests.MSTest\Covid19Dashboard.Tests.csproj", "{262E7677-0BC5-48A3-A749-8BE78B695434}"
EndProject
Global
	GlobalSection(SolutionConfigurationPlatforms) = preSolution
		Debug|Any CPU = Debug|Any CPU
		Debug|ARM = Debug|ARM
		Debug|ARM64 = Debug|ARM64
		Debug|x64 = Debug|x64
		Debug|x86 = Debug|x86
		Release|Any CPU = Release|Any CPU
		Release|ARM = Release|ARM
		Release|ARM64 = Release|ARM64
		Release|x64 = Release|x64
		Release|x86 = Release|x86
	EndGlobalSection
	GlobalSection(ProjectConfigurationPlatforms) = postSolution
		{54455B69-4CB0-4BC4-A9D6-CAF7E3E5E753}.Debug|Any CPU.ActiveCfg = Debug|x86
		{54455B69-4CB0-4BC4-A9D6-CAF7E3E5E753}.Debug|ARM.ActiveCfg = Debug|ARM
		{54455B69-4CB0-4BC4-A9D6-CAF7E3E5E753}.Debug|ARM.Build.0 = Debug|ARM
		{54455B69-4CB0-4BC4-A9D6-CAF7E3E5E753}.Debug|ARM.Deploy.0 = Debug|ARM
		{54455B69-4CB0-4BC4-A9D6-CAF7E3E5E753}.Debug|ARM64.ActiveCfg = Debug|ARM64
		{54455B69-4CB0-4BC4-A9D6-CAF7E3E5E753}.Debug|ARM64.Build.0 = Debug|ARM64
		{54455B69-4CB0-4BC4-A9D6-CAF7E3E5E753}.Debug|ARM64.Deploy.0 = Debug|ARM64
		{54455B69-4CB0-4BC4-A9D6-CAF7E3E5E753}.Debug|x64.ActiveCfg = Debug|x64
		{54455B69-4CB0-4BC4-A9D6-CAF7E3E5E753}.Debug|x64.Build.0 = Debug|x64
		{54455B69-4CB0-4BC4-A9D6-CAF7E3E5E753}.Debug|x64.Deploy.0 = Debug|x64
		{54455B69-4CB0-4BC4-A9D6-CAF7E3E5E753}.Debug|x86.ActiveCfg = Debug|x86
		{54455B69-4CB0-4BC4-A9D6-CAF7E3E5E753}.Debug|x86.Build.0 = Debug|x86
		{54455B69-4CB0-4BC4-A9D6-CAF7E3E5E753}.Debug|x86.Deploy.0 = Debug|x86
		{54455B69-4CB0-4BC4-A9D6-CAF7E3E5E753}.Release|Any CPU.ActiveCfg = Release|x86
		{54455B69-4CB0-4BC4-A9D6-CAF7E3E5E753}.Release|ARM.ActiveCfg = Release|ARM
		{54455B69-4CB0-4BC4-A9D6-CAF7E3E5E753}.Release|ARM.Build.0 = Release|ARM
		{54455B69-4CB0-4BC4-A9D6-CAF7E3E5E753}.Release|ARM.Deploy.0 = Release|ARM
		{54455B69-4CB0-4BC4-A9D6-CAF7E3E5E753}.Release|ARM64.ActiveCfg = Release|ARM64
		{54455B69-4CB0-4BC4-A9D6-CAF7E3E5E753}.Release|ARM64.Build.0 = Release|ARM64
		{54455B69-4CB0-4BC4-A9D6-CAF7E3E5E753}.Release|ARM64.Deploy.0 = Release|ARM64
		{54455B69-4CB0-4BC4-A9D6-CAF7E3E5E753}.Release|x64.ActiveCfg = Release|x64
		{54455B69-4CB0-4BC4-A9D6-CAF7E3E5E753}.Release|x64.Build.0 = Release|x64
		{54455B69-4CB0-4BC4-A9D6-CAF7E3E5E753}.Release|x64.Deploy.0 = Release|x64
		{54455B69-4CB0-4BC4-A9D6-CAF7E3E5E753}.Release|x86.ActiveCfg = Release|x86
		{54455B69-4CB0-4BC4-A9D6-CAF7E3E5E753}.Release|x86.Build.0 = Release|x86
		{54455B69-4CB0-4BC4-A9D6-CAF7E3E5E753}.Release|x86.Deploy.0 = Release|x86
		{7BCD6122-5D69-4FFC-84DF-168DDD694D9A}.Debug|Any CPU.ActiveCfg = Debug|Any CPU
		{7BCD6122-5D69-4FFC-84DF-168DDD694D9A}.Debug|Any CPU.Build.0 = Debug|Any CPU
		{7BCD6122-5D69-4FFC-84DF-168DDD694D9A}.Debug|ARM.ActiveCfg = Debug|Any CPU
		{7BCD6122-5D69-4FFC-84DF-168DDD694D9A}.Debug|ARM.Build.0 = Debug|Any CPU
		{7BCD6122-5D69-4FFC-84DF-168DDD694D9A}.Debug|ARM64.ActiveCfg = Debug|Any CPU
		{7BCD6122-5D69-4FFC-84DF-168DDD694D9A}.Debug|ARM64.Build.0 = Debug|Any CPU
		{7BCD6122-5D69-4FFC-84DF-168DDD694D9A}.Debug|x64.ActiveCfg = Debug|Any CPU
		{7BCD6122-5D69-4FFC-84DF-168DDD694D9A}.Debug|x64.Build.0 = Debug|Any CPU
		{7BCD6122-5D69-4FFC-84DF-168DDD694D9A}.Debug|x86.ActiveCfg = Debug|Any CPU
		{7BCD6122-5D69-4FFC-84DF-168DDD694D9A}.Debug|x86.Build.0 = Debug|Any CPU
		{7BCD6122-5D69-4FFC-84DF-168DDD694D9A}.Release|Any CPU.ActiveCfg = Release|Any CPU
		{7BCD6122-5D69-4FFC-84DF-168DDD694D9A}.Release|Any CPU.Build.0 = Release|Any CPU
		{7BCD6122-5D69-4FFC-84DF-168DDD694D9A}.Release|ARM.ActiveCfg = Release|Any CPU
		{7BCD6122-5D69-4FFC-84DF-168DDD694D9A}.Release|ARM.Build.0 = Release|Any CPU
		{7BCD6122-5D69-4FFC-84DF-168DDD694D9A}.Release|ARM64.ActiveCfg = Release|Any CPU
		{7BCD6122-5D69-4FFC-84DF-168DDD694D9A}.Release|ARM64.Build.0 = Release|Any CPU
		{7BCD6122-5D69-4FFC-84DF-168DDD694D9A}.Release|x64.ActiveCfg = Release|Any CPU
		{7BCD6122-5D69-4FFC-84DF-168DDD694D9A}.Release|x64.Build.0 = Release|Any CPU
		{7BCD6122-5D69-4FFC-84DF-168DDD694D9A}.Release|x86.ActiveCfg = Release|Any CPU
		{7BCD6122-5D69-4FFC-84DF-168DDD694D9A}.Release|x86.Build.0 = Release|Any CPU
		{262E7677-0BC5-48A3-A749-8BE78B695434}.Debug|Any CPU.ActiveCfg = Debug|x64
		{262E7677-0BC5-48A3-A749-8BE78B695434}.Debug|Any CPU.Build.0 = Debug|x64
		{262E7677-0BC5-48A3-A749-8BE78B695434}.Debug|Any CPU.Deploy.0 = Debug|x64
		{262E7677-0BC5-48A3-A749-8BE78B695434}.Debug|ARM.ActiveCfg = Debug|ARM
		{262E7677-0BC5-48A3-A749-8BE78B695434}.Debug|ARM.Build.0 = Debug|ARM
		{262E7677-0BC5-48A3-A749-8BE78B695434}.Debug|ARM.Deploy.0 = Debug|ARM
		{262E7677-0BC5-48A3-A749-8BE78B695434}.Debug|ARM64.ActiveCfg = Debug|x64
		{262E7677-0BC5-48A3-A749-8BE78B695434}.Debug|ARM64.Build.0 = Debug|x64
		{262E7677-0BC5-48A3-A749-8BE78B695434}.Debug|ARM64.Deploy.0 = Debug|x64
		{262E7677-0BC5-48A3-A749-8BE78B695434}.Debug|x64.ActiveCfg = Debug|x64
		{262E7677-0BC5-48A3-A749-8BE78B695434}.Debug|x64.Build.0 = Debug|x64
		{262E7677-0BC5-48A3-A749-8BE78B695434}.Debug|x64.Deploy.0 = Debug|x64
		{262E7677-0BC5-48A3-A749-8BE78B695434}.Debug|x86.ActiveCfg = Debug|x86
		{262E7677-0BC5-48A3-A749-8BE78B695434}.Debug|x86.Build.0 = Debug|x86
		{262E7677-0BC5-48A3-A749-8BE78B695434}.Debug|x86.Deploy.0 = Debug|x86
		{262E7677-0BC5-48A3-A749-8BE78B695434}.Release|Any CPU.ActiveCfg = Release|x64
		{262E7677-0BC5-48A3-A749-8BE78B695434}.Release|Any CPU.Build.0 = Release|x64
		{262E7677-0BC5-48A3-A749-8BE78B695434}.Release|Any CPU.Deploy.0 = Release|x64
		{262E7677-0BC5-48A3-A749-8BE78B695434}.Release|ARM.ActiveCfg = Release|ARM
		{262E7677-0BC5-48A3-A749-8BE78B695434}.Release|ARM.Build.0 = Release|ARM
		{262E7677-0BC5-48A3-A749-8BE78B695434}.Release|ARM.Deploy.0 = Release|ARM
		{262E7677-0BC5-48A3-A749-8BE78B695434}.Release|ARM64.ActiveCfg = Release|x64
		{262E7677-0BC5-48A3-A749-8BE78B695434}.Release|ARM64.Build.0 = Release|x64
		{262E7677-0BC5-48A3-A749-8BE78B695434}.Release|ARM64.Deploy.0 = Release|x64
		{262E7677-0BC5-48A3-A749-8BE78B695434}.Release|x64.ActiveCfg = Release|x64
		{262E7677-0BC5-48A3-A749-8BE78B695434}.Release|x64.Build.0 = Release|x64
		{262E7677-0BC5-48A3-A749-8BE78B695434}.Release|x64.Deploy.0 = Release|x64
		{262E7677-0BC5-48A3-A749-8BE78B695434}.Release|x86.ActiveCfg = Release|x86
		{262E7677-0BC5-48A3-A749-8BE78B695434}.Release|x86.Build.0 = Release|x86
		{262E7677-0BC5-48A3-A749-8BE78B695434}.Release|x86.Deploy.0 = Release|x86
	EndGlobalSection
	GlobalSection(SolutionProperties) = preSolution
		HideSolutionNode = FALSE
	EndGlobalSection
	GlobalSection(ExtensibilityGlobals) = postSolution
		SolutionGuid = {EC3AF88F-BF3E-4592-807F-8C2CBCEEDBC6}
	EndGlobalSection
EndGlobal
